{
  "name": "voronoigeom",
  "version": "1.3.1",
  "lockfileVersion": 1,
  "requires": true,
  "dependencies": {
    "@turf/bbox": {
      "version": "6.0.1",
      "resolved": "https://pkgs.dev.azure.com/norkart-tfs/_packaging/Norkart/npm/registry/@turf/bbox/-/bbox-6.0.1.tgz",
      "integrity": "sha1-uWYHV3FHWUDuHBa+KhLPOJ5ukjo=",
      "requires": {
        "@turf/helpers": "6.x",
        "@turf/meta": "6.x"
      }
    },
    "@turf/clean-coords": {
      "version": "5.1.5",
      "resolved": "https://pkgs.dev.azure.com/norkart-tfs/_packaging/Norkart/npm/registry/@turf/clean-coords/-/clean-coords-5.1.5.tgz",
      "integrity": "sha1-EoAKmKeMmkUqcuxChJPEOs8q2h8=",
      "requires": {
        "@turf/helpers": "^5.1.5",
        "@turf/invariant": "^5.1.5"
      },
      "dependencies": {
        "@turf/helpers": {
          "version": "5.1.5",
          "resolved": "https://pkgs.dev.azure.com/norkart-tfs/_packaging/Norkart/npm/registry/@turf/helpers/-/helpers-5.1.5.tgz",
          "integrity": "sha1-FTQFInq5M9AEpbuWQantmZ/L4M8="
        }
      }
    },
    "@turf/clone": {
      "version": "5.1.5",
      "resolved": "https://pkgs.dev.azure.com/norkart-tfs/_packaging/Norkart/npm/registry/@turf/clone/-/clone-5.1.5.tgz",
      "integrity": "sha1-JT6NNUdxgZduM636tQoPAqfw42c=",
      "requires": {
        "@turf/helpers": "^5.1.5"
      },
      "dependencies": {
        "@turf/helpers": {
          "version": "5.1.5",
          "resolved": "https://pkgs.dev.azure.com/norkart-tfs/_packaging/Norkart/npm/registry/@turf/helpers/-/helpers-5.1.5.tgz",
          "integrity": "sha1-FTQFInq5M9AEpbuWQantmZ/L4M8="
        }
      }
    },
    "@turf/helpers": {
      "version": "6.1.4",
      "resolved": "https://pkgs.dev.azure.com/norkart-tfs/_packaging/Norkart/npm/registry/@turf/helpers/-/helpers-6.1.4.tgz",
      "integrity": "sha1-1v1+vmeC3ZyH3KVVm9pcSK5MODY="
    },
    "@turf/invariant": {
      "version": "5.2.0",
      "resolved": "https://pkgs.dev.azure.com/norkart-tfs/_packaging/Norkart/npm/registry/@turf/invariant/-/invariant-5.2.0.tgz",
      "integrity": "sha1-8BUP9ykLOFd7c9CIt5MsHuCqkKc=",
      "requires": {
        "@turf/helpers": "^5.1.5"
      },
      "dependencies": {
        "@turf/helpers": {
          "version": "5.1.5",
          "resolved": "https://pkgs.dev.azure.com/norkart-tfs/_packaging/Norkart/npm/registry/@turf/helpers/-/helpers-5.1.5.tgz",
          "integrity": "sha1-FTQFInq5M9AEpbuWQantmZ/L4M8="
        }
      }
    },
    "@turf/meta": {
      "version": "6.0.2",
      "resolved": "https://pkgs.dev.azure.com/norkart-tfs/_packaging/Norkart/npm/registry/@turf/meta/-/meta-6.0.2.tgz",
      "integrity": "sha1-65KVESbSSmE6wbe5nXM/zCD9MM8=",
      "requires": {
        "@turf/helpers": "6.x"
      }
    },
    "@turf/simplify": {
      "version": "5.1.5",
      "resolved": "https://pkgs.dev.azure.com/norkart-tfs/_packaging/Norkart/npm/registry/@turf/simplify/-/simplify-5.1.5.tgz",
      "integrity": "sha1-Csjyei60IYGD7dmZjDJ1q+QIuSY=",
      "requires": {
        "@turf/clean-coords": "^5.1.5",
        "@turf/clone": "^5.1.5",
        "@turf/helpers": "^5.1.5",
        "@turf/meta": "^5.1.5"
      },
      "dependencies": {
        "@turf/helpers": {
          "version": "5.1.5",
          "resolved": "https://pkgs.dev.azure.com/norkart-tfs/_packaging/Norkart/npm/registry/@turf/helpers/-/helpers-5.1.5.tgz",
          "integrity": "sha1-FTQFInq5M9AEpbuWQantmZ/L4M8="
        },
        "@turf/meta": {
          "version": "5.2.0",
          "resolved": "https://pkgs.dev.azure.com/norkart-tfs/_packaging/Norkart/npm/registry/@turf/meta/-/meta-5.2.0.tgz",
          "integrity": "sha1-OxrUhe4MOwsXdRMqMsOE1T5LpT0=",
          "requires": {
            "@turf/helpers": "^5.1.5"
          }
        }
      }
    },
    "jsts": {
      "version": "2.0.4",
      "resolved": "https://pkgs.dev.azure.com/norkart-tfs/_packaging/Norkart/npm/registry/jsts/-/jsts-2.0.4.tgz",
      "integrity": "sha1-X7karqBw6+3wEhRU7ZCwdAJ+gkE="
    }
  }
}
